// !$*UTF8*$!
{
	archiveVersion = 1;
	classes = {
	};
	objectVersion = 46;
	objects = {

/* Begin PBXBuildFile section */
		2EE6A1011B24F00800313265 /* AppDelegate.swift in Sources */ = {isa = PBXBuildFile; fileRef = 2EE6A1001B24F00800313265 /* AppDelegate.swift */; };
		2EE6A1031B24F00800313265 /* ViewController.swift in Sources */ = {isa = PBXBuildFile; fileRef = 2EE6A1021B24F00800313265 /* ViewController.swift */; };
		2EE6A1061B24F00800313265 /* Main.storyboard in Resources */ = {isa = PBXBuildFile; fileRef = 2EE6A1041B24F00800313265 /* Main.storyboard */; };
		2EE6A1081B24F00800313265 /* Images.xcassets in Resources */ = {isa = PBXBuildFile; fileRef = 2EE6A1071B24F00800313265 /* Images.xcassets */; };
		2EE6A10B1B24F00800313265 /* LaunchScreen.xib in Resources */ = {isa = PBXBuildFile; fileRef = 2EE6A1091B24F00800313265 /* LaunchScreen.xib */; };
		2EE6A1171B24F00800313265 /* InterfaceBuilderTests.swift in Sources */ = {isa = PBXBuildFile; fileRef = 2EE6A1161B24F00800313265 /* InterfaceBuilderTests.swift */; };
/* End PBXBuildFile section */

/* Begin PBXContainerItemProxy section */
		2EE6A1111B24F00800313265 /* PBXContainerItemProxy */ = {
			isa = PBXContainerItemProxy;
			containerPortal = 2EE6A0F31B24F00800313265 /* Project object */;
			proxyType = 1;
			remoteGlobalIDString = 2EE6A0FA1B24F00800313265;
			remoteInfo = InterfaceBuilder;
		};
/* End PBXContainerItemProxy section */

/* Begin PBXFileReference section */
		2EE6A0FB1B24F00800313265 /* InterfaceBuilder.app */ = {isa = PBXFileReference; explicitFileType = wrapper.application; includeInIndex = 0; path = InterfaceBuilder.app; sourceTree = BUILT_PRODUCTS_DIR; };
		2EE6A0FF1B24F00800313265 /* Info.plist */ = {isa = PBXFileReference; lastKnownFileType = text.plist.xml; path = Info.plist; sourceTree = "<group>"; };
		2EE6A1001B24F00800313265 /* AppDelegate.swift */ = {isa = PBXFileReference; lastKnownFileType = sourcecode.swift; path = AppDelegate.swift; sourceTree = "<group>"; };
		2EE6A1021B24F00800313265 /* ViewController.swift */ = {isa = PBXFileReference; lastKnownFileType = sourcecode.swift; path = ViewController.swift; sourceTree = "<group>"; };
		2EE6A1051B24F00800313265 /* Base */ = {isa = PBXFileReference; lastKnownFileType = file.storyboard; name = Base; path = Base.lproj/Main.storyboard; sourceTree = "<group>"; };
		2EE6A1071B24F00800313265 /* Images.xcassets */ = {isa = PBXFileReference; lastKnownFileType = folder.assetcatalog; path = Images.xcassets; sourceTree = "<group>"; };
		2EE6A10A1B24F00800313265 /* Base */ = {isa = PBXFileReference; lastKnownFileType = file.xib; name = Base; path = Base.lproj/LaunchScreen.xib; sourceTree = "<group>"; };
		2EE6A1101B24F00800313265 /* InterfaceBuilderTests.xctest */ = {isa = PBXFileReference; explicitFileType = wrapper.cfbundle; includeInIndex = 0; path = InterfaceBuilderTests.xctest; sourceTree = BUILT_PRODUCTS_DIR; };
		2EE6A1151B24F00800313265 /* Info.plist */ = {isa = PBXFileReference; lastKnownFileType = text.plist.xml; path = Info.plist; sourceTree = "<group>"; };
		2EE6A1161B24F00800313265 /* InterfaceBuilderTests.swift */ = {isa = PBXFileReference; lastKnownFileType = sourcecode.swift; path = InterfaceBuilderTests.swift; sourceTree = "<group>"; };
/* End PBXFileReference section */

/* Begin PBXFrameworksBuildPhase section */
		2EE6A0F81B24F00800313265 /* Frameworks */ = {
			isa = PBXFrameworksBuildPhase;
			buildActionMask = 2147483647;
			files = (
			);
			runOnlyForDeploymentPostprocessing = 0;
		};
		2EE6A10D1B24F00800313265 /* Frameworks */ = {
			isa = PBXFrameworksBuildPhase;
			buildActionMask = 2147483647;
			files = (
			);
			runOnlyForDeploymentPostprocessing = 0;
		};
/* End PBXFrameworksBuildPhase section */

/* Begin PBXGroup section */
		2EE6A0F21B24F00800313265 = {
			isa = PBXGroup;
			children = (
				2EE6A0FD1B24F00800313265 /* InterfaceBuilder */,
				2EE6A1131B24F00800313265 /* InterfaceBuilderTests */,
				2EE6A0FC1B24F00800313265 /* Products */,
			);
			sourceTree = "<group>";
		};
		2EE6A0FC1B24F00800313265 /* Products */ = {
			isa = PBXGroup;
			children = (
				2EE6A0FB1B24F00800313265 /* InterfaceBuilder.app */,
				2EE6A1101B24F00800313265 /* InterfaceBuilderTests.xctest */,
			);
			name = Products;
			sourceTree = "<group>";
		};
		2EE6A0FD1B24F00800313265 /* InterfaceBuilder */ = {
			isa = PBXGroup;
			children = (
				2EE6A1041B24F00800313265 /* Main.storyboard */,
				2EE6A0FE1B24F00800313265 /* Supporting Files */,
			);
			path = InterfaceBuilder;
			sourceTree = "<group>";
		};
		2EE6A0FE1B24F00800313265 /* Supporting Files */ = {
			isa = PBXGroup;
			children = (
				2EE6A1001B24F00800313265 /* AppDelegate.swift */,
				2EE6A1021B24F00800313265 /* ViewController.swift */,
				2EE6A1071B24F00800313265 /* Images.xcassets */,
				2EE6A1091B24F00800313265 /* LaunchScreen.xib */,
				2EE6A0FF1B24F00800313265 /* Info.plist */,
			);
			name = "Supporting Files";
			sourceTree = "<group>";
		};
		2EE6A1131B24F00800313265 /* InterfaceBuilderTests */ = {
			isa = PBXGroup;
			children = (
				2EE6A1161B24F00800313265 /* InterfaceBuilderTests.swift */,
				2EE6A1141B24F00800313265 /* Supporting Files */,
			);
			path = InterfaceBuilderTests;
			sourceTree = "<group>";
		};
		2EE6A1141B24F00800313265 /* Supporting Files */ = {
			isa = PBXGroup;
			children = (
				2EE6A1151B24F00800313265 /* Info.plist */,
			);
			name = "Supporting Files";
			sourceTree = "<group>";
		};
/* End PBXGroup section */

/* Begin PBXNativeTarget section */
		2EE6A0FA1B24F00800313265 /* InterfaceBuilder */ = {
			isa = PBXNativeTarget;
			buildConfigurationList = 2EE6A11A1B24F00800313265 /* Build configuration list for PBXNativeTarget "InterfaceBuilder" */;
			buildPhases = (
				2EE6A0F71B24F00800313265 /* Sources */,
				2EE6A0F81B24F00800313265 /* Frameworks */,
				2EE6A0F91B24F00800313265 /* Resources */,
			);
			buildRules = (
			);
			dependencies = (
			);
			name = InterfaceBuilder;
			productName = InterfaceBuilder;
			productReference = 2EE6A0FB1B24F00800313265 /* InterfaceBuilder.app */;
			productType = "com.apple.product-type.application";
		};
		2EE6A10F1B24F00800313265 /* InterfaceBuilderTests */ = {
			isa = PBXNativeTarget;
			buildConfigurationList = 2EE6A11D1B24F00800313265 /* Build configuration list for PBXNativeTarget "InterfaceBuilderTests" */;
			buildPhases = (
				2EE6A10C1B24F00800313265 /* Sources */,
				2EE6A10D1B24F00800313265 /* Frameworks */,
				2EE6A10E1B24F00800313265 /* Resources */,
			);
			buildRules = (
			);
			dependencies = (
				2EE6A1121B24F00800313265 /* PBXTargetDependency */,
			);
			name = InterfaceBuilderTests;
			productName = InterfaceBuilderTests;
			productReference = 2EE6A1101B24F00800313265 /* InterfaceBuilderTests.xctest */;
			productType = "com.apple.product-type.bundle.unit-test";
		};
/* End PBXNativeTarget section */

/* Begin PBXProject section */
		2EE6A0F31B24F00800313265 /* Project object */ = {
			isa = PBXProject;
			attributes = {
				LastUpgradeCheck = 0630;
				ORGANIZATIONNAME = "Thomas Degry";
				TargetAttributes = {
					2EE6A0FA1B24F00800313265 = {
						CreatedOnToolsVersion = 6.3.2;
					};
					2EE6A10F1B24F00800313265 = {
						CreatedOnToolsVersion = 6.3.2;
						TestTargetID = 2EE6A0FA1B24F00800313265;
					};
				};
			};
			buildConfigurationList = 2EE6A0F61B24F00800313265 /* Build configuration list for PBXProject "InterfaceBuilder" */;
			compatibilityVersion = "Xcode 3.2";
			developmentRegion = English;
			hasScannedForEncodings = 0;
			knownRegions = (
				en,
				Base,
			);
			mainGroup = 2EE6A0F21B24F00800313265;
			productRefGroup = 2EE6A0FC1B24F00800313265 /* Products */;
			projectDirPath = "";
			projectRoot = "";
			targets = (
				2EE6A0FA1B24F00800313265 /* InterfaceBuilder */,
				2EE6A10F1B24F00800313265 /* InterfaceBuilderTests */,
			);
		};
/* End PBXProject section */

/* Begin PBXResourcesBuildPhase section */
		2EE6A0F91B24F00800313265 /* Resources */ = {
			isa = PBXResourcesBuildPhase;
			buildActionMask = 2147483647;
			files = (
				2EE6A1061B24F00800313265 /* Main.storyboard in Resources */,
				2EE6A10B1B24F00800313265 /* LaunchScreen.xib in Resources */,
				2EE6A1081B24F00800313265 /* Images.xcassets in Resources */,
			);
			runOnlyForDeploymentPostprocessing = 0;
		};
		2EE6A10E1B24F00800313265 /* Resources */ = {
			isa = PBXResourcesBuildPhase;
			buildActionMask = 2147483647;
			files = (
			);
			runOnlyForDeploymentPostprocessing = 0;
		};
/* End PBXResourcesBuildPhase section */

/* Begin PBXSourcesBuildPhase section */
		2EE6A0F71B24F00800313265 /* Sources */ = {
			isa = PBXSourcesBuildPhase;
			buildActionMask = 2147483647;
			files = (
				2EE6A1031B24F00800313265 /* ViewController.swift in Sources */,
				2EE6A1011B24F00800313265 /* AppDelegate.swift in Sources */,
			);
			runOnlyForDeploymentPostprocessing = 0;
		};
		2EE6A10C1B24F00800313265 /* Sources */ = {
			isa = PBXSourcesBuildPhase;
			buildActionMask = 2147483647;
			files = (
				2EE6A1171B24F00800313265 /* InterfaceBuilderTests.swift in Sources */,
			);
			runOnlyForDeploymentPostprocessing = 0;
		};
/* End PBXSourcesBuildPhase section */

/* Begin PBXTargetDependency section */
		2EE6A1121B24F00800313265 /* PBXTargetDependency */ = {
			isa = PBXTargetDependency;
			target = 2EE6A0FA1B24F00800313265 /* InterfaceBuilder */;
			targetProxy = 2EE6A1111B24F00800313265 /* PBXContainerItemProxy */;
		};
/* End PBXTargetDependency section */

/* Begin PBXVariantGroup section */
		2EE6A1041B24F00800313265 /* Main.storyboard */ = {
			isa = PBXVariantGroup;
			children = (
				2EE6A1051B24F00800313265 /* Base */,
			);
			name = Main.storyboard;
			sourceTree = "<group>";
		};
		2EE6A1091B24F00800313265 /* LaunchScreen.xib */ = {
			isa = PBXVariantGroup;
			children = (
				2EE6A10A1B24F00800313265 /* Base */,
			);
			name = LaunchScreen.xib;
			sourceTree = "<group>";
		};
/* End PBXVariantGroup section */

/* Begin XCBuildConfiguration section */
		2EE6A1181B24F00800313265 /* Debug */ = {
			isa = XCBuildConfiguration;
			buildSettings = {
				ALWAYS_SEARCH_USER_PATHS = NO;
				CLANG_CXX_LANGUAGE_STANDARD = "gnu++0x";
				CLANG_CXX_LIBRARY = "libc++";
				CLANG_ENABLE_MODULES = YES;
				CLANG_ENABLE_OBJC_ARC = YES;
				CLANG_WARN_BOOL_CONVERSION = YES;
				CLANG_WARN_CONSTANT_CONVERSION = YES;
				CLANG_WARN_DIRECT_OBJC_ISA_USAGE = YES_ERROR;
				CLANG_WARN_EMPTY_BODY = YES;
				CLANG_WARN_ENUM_CONVERSION = YES;
				CLANG_WARN_INT_CONVERSION = YES;
				CLANG_WARN_OBJC_ROOT_CLASS = YES_ERROR;
				CLANG_WARN_UNREACHABLE_CODE = YES;
				CLANG_WARN__DUPLICATE_METHOD_MATCH = YES;
				"CODE_SIGN_IDENTITY[sdk=iphoneos*]" = "iPhone Developer";
				COPY_PHASE_STRIP = NO;
				DEBUG_INFORMATION_FORMAT = "dwarf-with-dsym";
				ENABLE_STRICT_OBJC_MSGSEND = YES;
				GCC_C_LANGUAGE_STANDARD = gnu99;
				GCC_DYNAMIC_NO_PIC = NO;
				GCC_NO_COMMON_BLOCKS = YES;
				GCC_OPTIMIZATION_LEVEL = 0;
				GCC_PREPROCESSOR_DEFINITIONS = (
					"DEBUG=1",
					"$(inherited)",
				);
				GCC_SYMBOLS_PRIVATE_EXTERN = NO;
				GCC_WARN_64_TO_32_BIT_CONVERSION = YES;
				GCC_WARN_ABOUT_RETURN_TYPE = YES_ERROR;
				GCC_WARN_UNDECLARED_SELECTOR = YES;
				GCC_WARN_UNINITIALIZED_AUTOS = YES_AGGRESSIVE;
				GCC_WARN_UNUSED_FUNCTION = YES;
				GCC_WARN_UNUSED_VARIABLE = YES;
				IPHONEOS_DEPLOYMENT_TARGET = 8.3;
				MTL_ENABLE_DEBUG_INFO = YES;
				ONLY_ACTIVE_ARCH = YES;
				SDKROOT = iphoneos;
				SWIFT_OPTIMIZATION_LEVEL = "-Onone";
				TARGETED_DEVICE_FAMILY = "1,2";
			};
			name = Debug;
		};
		2EE6A1191B24F00800313265 /* Release */ = {
			isa = XCBuildConfiguration;
			buildSettings = {
				ALWAYS_SEARCH_USER_PATHS = NO;
				CLANG_CXX_LANGUAGE_STANDARD = "gnu++0x";
				CLANG_CXX_LIBRARY = "libc++";
				CLANG_ENABLE_MODULES = YES;
				CLANG_ENABLE_OBJC_ARC = YES;
				CLANG_WARN_BOOL_CONVERSION = YES;
				CLANG_WARN_CONSTANT_CONVERSION = YES;
				CLANG_WARN_DIRECT_OBJC_ISA_USAGE = YES_ERROR;
				CLANG_WARN_EMPTY_BODY = YES;
				CLANG_WARN_ENUM_CONVERSION = YES;
				CLANG_WARN_INT_CONVERSION = YES;
				CLANG_WARN_OBJC_ROOT_CLASS = YES_ERROR;
				CLANG_WARN_UNREACHABLE_CODE = YES;
				CLANG_WARN__DUPLICATE_METHOD_MATCH = YES;
				"CODE_SIGN_IDENTITY[sdk=iphoneos*]" = "iPhone Developer";
				COPY_PHASE_STRIP = NO;
				DEBUG_INFORMATION_FORMAT = "dwarf-with-dsym";
				ENABLE_NS_ASSERTIONS = NO;
				ENABLE_STRICT_OBJC_MSGSEND = YES;
				GCC_C_LANGUAGE_STANDARD = gnu99;
				GCC_NO_COMMON_BLOCKS = YES;
				GCC_WARN_64_TO_32_BIT_CONVERSION = YES;
				GCC_WARN_ABOUT_RETURN_TYPE = YES_ERROR;
				GCC_WARN_UNDECLARED_SELECTOR = YES;
				GCC_WARN_UNINITIALIZED_AUTOS = YES_AGGRESSIVE;
				GCC_WARN_UNUSED_FUNCTION = YES;
				GCC_WARN_UNUSED_VARIABLE = YES;
				IPHONEOS_DEPLOYMENT_TARGET = 8.3;
				MTL_ENABLE_DEBUG_INFO = NO;
				SDKROOT = iphoneos;
				TARGETED_DEVICE_FAMILY = "1,2";
				VALIDATE_PRODUCT = YES;
			};
			name = Release;
		};
		2EE6A11B1B24F00800313265 /* Debug */ = {
			isa = XCBuildConfiguration;
			buildSettings = {
				ASSETCATALOG_COMPILER_APPICON_NAME = AppIcon;
				INFOPLIST_FILE = InterfaceBuilder/Info.plist;
				LD_RUNPATH_SEARCH_PATHS = "$(inherited) @executable_path/Frameworks";
				PRODUCT_NAME = "$(TARGET_NAME)";
			};
			name = Debug;
		};
		2EE6A11C1B24F00800313265 /* Release */ = {
			isa = XCBuildConfiguration;
			buildSettings = {
				ASSETCATALOG_COMPILER_APPICON_NAME = AppIcon;
				INFOPLIST_FILE = InterfaceBuilder/Info.plist;
				LD_RUNPATH_SEARCH_PATHS = "$(inherited) @executable_path/Frameworks";
				PRODUCT_NAME = "$(TARGET_NAME)";
			};
			name = Release;
		};
		2EE6A11E1B24F00800313265 /* Debug */ = {
			isa = XCBuildConfiguration;
			buildSettings = {
				BUNDLE_LOADER = "$(TEST_HOST)";
				FRAMEWORK_SEARCH_PATHS = (
					"$(SDKROOT)/Developer/Library/Frameworks",
					"$(inherited)",
				);
				GCC_PREPROCESSOR_DEFINITIONS = (
					"DEBUG=1",
					"$(inherited)",
				);
				INFOPLIST_FILE = InterfaceBuilderTests/Info.plist;
				LD_RUNPATH_SEARCH_PATHS = "$(inherited) @executable_path/Frameworks @loader_path/Frameworks";
				PRODUCT_NAME = "$(TARGET_NAME)";
				TEST_HOST = "$(BUILT_PRODUCTS_DIR)/InterfaceBuilder.app/InterfaceBuilder";
			};
			name = Debug;
		};
		2EE6A11F1B24F00800313265 /* Release */ = {
			isa = XCBuildConfiguration;
			buildSettings = {
				BUNDLE_LOADER = "$(TEST_HOST)";
				FRAMEWORK_SEARCH_PATHS = (
					"$(SDKROOT)/Developer/Library/Frameworks",
					"$(inherited)",
				);
				INFOPLIST_FILE = InterfaceBuilderTests/Info.plist;
				LD_RUNPATH_SEARCH_PATHS = "$(inherited) @executable_path/Frameworks @loader_path/Frameworks";
				PRODUCT_NAME = "$(TARGET_NAME)";
				TEST_HOST = "$(BUILT_PRODUCTS_DIR)/InterfaceBuilder.app/InterfaceBuilder";
			};
			name = Release;
		};
/* End XCBuildConfiguration section */

/* Begin XCConfigurationList section */
		2EE6A0F61B24F00800313265 /* Build configuration list for PBXProject "InterfaceBuilder" */ = {
			isa = XCConfigurationList;
			buildConfigurations = (
				2EE6A1181B24F00800313265 /* Debug */,
				2EE6A1191B24F00800313265 /* Release */,
			);
			defaultConfigurationIsVisible = 0;
			defaultConfigurationName = Release;
		};
		2EE6A11A1B24F00800313265 /* Build configuration list for PBXNativeTarget "InterfaceBuilder" */ = {
			isa = XCConfigurationList;
			buildConfigurations = (
				2EE6A11B1B24F00800313265 /* Debug */,
				2EE6A11C1B24F00800313265 /* Release */,
			);
			defaultConfigurationIsVisible = 0;
		};
		2EE6A11D1B24F00800313265 /* Build configuration list for PBXNativeTarget "InterfaceBuilderTests" */ = {
			isa = XCConfigurationList;
			buildConfigurations = (
				2EE6A11E1B24F00800313265 /* Debug */,
				2EE6A11F1B24F00800313265 /* Release */,
			);
			defaultConfigurationIsVisible = 0;
		};
/* End XCConfigurationList section */
	};
	rootObject = 2EE6A0F31B24F00800313265 /* Project object */;
}
